
Microsoft Visual Studio Solution File, Format Version 12.00
# Visual Studio Version 16
VisualStudioVersion = 16.0.30320.27
MinimumVisualStudioVersion = 10.0.40219.1
Project("{9A19103F-16F7-4668-BE54-9A1E7A4F7556}") = "MyTestingApp", "MyTestingApp.csproj", "{00F4B992-4FC4-4B53-BC28-94FCB0ADD2F7}"
EndProject
Project("{FAE04EC0-301F-11D3-BF4B-00C04F79EFBC}") = "MyTestClassLibrary", "..\MyTestClassLibrary\MyTestClassLibrary.csproj", "{EE535A37-9AA5-4E7F-A549-880C17296D2D}"
EndProject
Global
	GlobalSection(SolutionConfigurationPlatforms) = preSolution
		Debug|Any CPU = Debug|Any CPU
		Release|Any CPU = Release|Any CPU
	EndGlobalSection
	GlobalSection(ProjectConfigurationPlatforms) = postSolution
		{00F4B992-4FC4-4B53-BC28-94FCB0ADD2F7}.Debug|Any CPU.ActiveCfg = Debug|Any CPU
		{00F4B992-4FC4-4B53-BC28-94FCB0ADD2F7}.Debug|Any CPU.Build.0 = Debug|Any CPU
		{00F4B992-4FC4-4B53-BC28-94FCB0ADD2F7}.Release|Any CPU.ActiveCfg = Release|Any CPU
		{00F4B992-4FC4-4B53-BC28-94FCB0ADD2F7}.Release|Any CPU.Build.0 = Release|Any CPU
		{EE535A37-9AA5-4E7F-A549-880C17296D2D}.Debug|Any CPU.ActiveCfg = Debug|Any CPU
		{EE535A37-9AA5-4E7F-A549-880C17296D2D}.Debug|Any CPU.Build.0 = Debug|Any CPU
		{EE535A37-9AA5-4E7F-A549-880C17296D2D}.Release|Any CPU.ActiveCfg = Release|Any CPU
		{EE535A37-9AA5-4E7F-A549-880C17296D2D}.Release|Any CPU.Build.0 = Release|Any CPU
	EndGlobalSection
	GlobalSection(SolutionProperties) = preSolution
		HideSolutionNode = FALSE
	EndGlobalSection
	GlobalSection(ExtensibilityGlobals) = postSolution
		SolutionGuid = {4670FE92-1366-4D95-B7A2-F35CD21F90EB}
	EndGlobalSection
EndGlobal
